
Microsoft Visual Studio Solution File, Format Version 12.00
Project("{FAE04EC0-301F-11D3-BF4B-00C04F79EFBC}") = "Expenses.API", "Expenses.API\Expenses.API.csproj", "{BA77BEE2-B214-43B0-B6A9-12786FBCD53E}"
EndProject
Project("{FAE04EC0-301F-11D3-BF4B-00C04F79EFBC}") = "Expenses.Identity.Shared", "Expenses.Identity.Shared\Expenses.Identity.Shared.csproj", "{08C1EF5C-012F-4B34-9685-F1AFADE23136}"
EndProject
Project("{FAE04EC0-301F-11D3-BF4B-00C04F79EFBC}") = "Expenses.Repository", "Expenses.Repository\Expenses.Repository.csproj", "{6F5BB555-7655-46AC-8BF6-D895B08D94A7}"
EndProject
Project("{FAE04EC0-301F-11D3-BF4B-00C04F79EFBC}") = "Expenses.Repository.Interfaces", "Expenses.Repository.Interfaces\Expenses.Repository.Interfaces.csproj", "{8D42AE56-9DB4-4ECA-9CED-268268CC442C}"
EndProject
Project("{FAE04EC0-301F-11D3-BF4B-00C04F79EFBC}") = "Expenses.UI", "Expenses.UI\Expenses.UI.csproj", "{8BE75D0C-66E9-45BF-986E-1C46804DB5F3}"
EndProject
Global
	GlobalSection(SolutionConfigurationPlatforms) = preSolution
		Debug|Any CPU = Debug|Any CPU
		Release|Any CPU = Release|Any CPU
	EndGlobalSection
	GlobalSection(ProjectConfigurationPlatforms) = postSolution
		{BA77BEE2-B214-43B0-B6A9-12786FBCD53E}.Debug|Any CPU.ActiveCfg = Debug|Any CPU
		{BA77BEE2-B214-43B0-B6A9-12786FBCD53E}.Debug|Any CPU.Build.0 = Debug|Any CPU
		{BA77BEE2-B214-43B0-B6A9-12786FBCD53E}.Release|Any CPU.ActiveCfg = Release|Any CPU
		{BA77BEE2-B214-43B0-B6A9-12786FBCD53E}.Release|Any CPU.Build.0 = Release|Any CPU
		{08C1EF5C-012F-4B34-9685-F1AFADE23136}.Debug|Any CPU.ActiveCfg = Debug|Any CPU
		{08C1EF5C-012F-4B34-9685-F1AFADE23136}.Debug|Any CPU.Build.0 = Debug|Any CPU
		{08C1EF5C-012F-4B34-9685-F1AFADE23136}.Release|Any CPU.ActiveCfg = Release|Any CPU
		{08C1EF5C-012F-4B34-9685-F1AFADE23136}.Release|Any CPU.Build.0 = Release|Any CPU
		{6F5BB555-7655-46AC-8BF6-D895B08D94A7}.Debug|Any CPU.ActiveCfg = Debug|Any CPU
		{6F5BB555-7655-46AC-8BF6-D895B08D94A7}.Debug|Any CPU.Build.0 = Debug|Any CPU
		{6F5BB555-7655-46AC-8BF6-D895B08D94A7}.Release|Any CPU.ActiveCfg = Release|Any CPU
		{6F5BB555-7655-46AC-8BF6-D895B08D94A7}.Release|Any CPU.Build.0 = Release|Any CPU
		{8D42AE56-9DB4-4ECA-9CED-268268CC442C}.Debug|Any CPU.ActiveCfg = Debug|Any CPU
		{8D42AE56-9DB4-4ECA-9CED-268268CC442C}.Debug|Any CPU.Build.0 = Debug|Any CPU
		{8D42AE56-9DB4-4ECA-9CED-268268CC442C}.Release|Any CPU.ActiveCfg = Release|Any CPU
		{8D42AE56-9DB4-4ECA-9CED-268268CC442C}.Release|Any CPU.Build.0 = Release|Any CPU
		{8BE75D0C-66E9-45BF-986E-1C46804DB5F3}.Debug|Any CPU.ActiveCfg = Debug|Any CPU
		{8BE75D0C-66E9-45BF-986E-1C46804DB5F3}.Debug|Any CPU.Build.0 = Debug|Any CPU
		{8BE75D0C-66E9-45BF-986E-1C46804DB5F3}.Release|Any CPU.ActiveCfg = Release|Any CPU
		{8BE75D0C-66E9-45BF-986E-1C46804DB5F3}.Release|Any CPU.Build.0 = Release|Any CPU
	EndGlobalSection
EndGlobal
